
Microsoft Visual Studio Solution File, Format Version 12.00
# Visual Studio Version 17
VisualStudioVersion = 17.14.36518.9 d17.14
MinimumVisualStudioVersion = 10.0.40219.1
Project("{FAE04EC0-301F-11D3-BF4B-00C04F79EFBC}") = "GPWebAPIC#", "GPWebAPIC#\GPWebAPIC#.csproj", "{7E8281A4-D228-4419-AAA0-598DC9572594}"
EndProject
Project("{FAE04EC0-301F-11D3-BF4B-00C04F79EFBC}") = "GPWebAPI.Application", "GPWebAPI.Application\GPWebAPI.Application.csproj", "{4A373228-D7C5-4F3A-8FF6-CBF12E282ADD}"
EndProject
Project("{FAE04EC0-301F-11D3-BF4B-00C04F79EFBC}") = "GPWebAPI.Domain", "GPWebAPI.Domain\GPWebAPI.Domain.csproj", "{6C7DBC49-233A-4480-9253-7EE6046858AD}"
EndProject
Project("{FAE04EC0-301F-11D3-BF4B-00C04F79EFBC}") = "GPWebAPI.Infrastructure", "GPWebAPI.Infrastructure\GPWebAPI.Infrastructure.csproj", "{21BBF56E-24E0-4AC2-9C1C-253BC170E468}"
EndProject
Global
	GlobalSection(SolutionConfigurationPlatforms) = preSolution
		Debug|Any CPU = Debug|Any CPU
		Release|Any CPU = Release|Any CPU
	EndGlobalSection
	GlobalSection(ProjectConfigurationPlatforms) = postSolution
		{7E8281A4-D228-4419-AAA0-598DC9572594}.Debug|Any CPU.ActiveCfg = Debug|Any CPU
		{7E8281A4-D228-4419-AAA0-598DC9572594}.Debug|Any CPU.Build.0 = Debug|Any CPU
		{7E8281A4-D228-4419-AAA0-598DC9572594}.Release|Any CPU.ActiveCfg = Release|Any CPU
		{7E8281A4-D228-4419-AAA0-598DC9572594}.Release|Any CPU.Build.0 = Release|Any CPU
		{4A373228-D7C5-4F3A-8FF6-CBF12E282ADD}.Debug|Any CPU.ActiveCfg = Debug|Any CPU
		{4A373228-D7C5-4F3A-8FF6-CBF12E282ADD}.Debug|Any CPU.Build.0 = Debug|Any CPU
		{4A373228-D7C5-4F3A-8FF6-CBF12E282ADD}.Release|Any CPU.ActiveCfg = Release|Any CPU
		{4A373228-D7C5-4F3A-8FF6-CBF12E282ADD}.Release|Any CPU.Build.0 = Release|Any CPU
		{6C7DBC49-233A-4480-9253-7EE6046858AD}.Debug|Any CPU.ActiveCfg = Debug|Any CPU
		{6C7DBC49-233A-4480-9253-7EE6046858AD}.Debug|Any CPU.Build.0 = Debug|Any CPU
		{6C7DBC49-233A-4480-9253-7EE6046858AD}.Release|Any CPU.ActiveCfg = Release|Any CPU
		{6C7DBC49-233A-4480-9253-7EE6046858AD}.Release|Any CPU.Build.0 = Release|Any CPU
		{21BBF56E-24E0-4AC2-9C1C-253BC170E468}.Debug|Any CPU.ActiveCfg = Debug|Any CPU
		{21BBF56E-24E0-4AC2-9C1C-253BC170E468}.Debug|Any CPU.Build.0 = Debug|Any CPU
		{21BBF56E-24E0-4AC2-9C1C-253BC170E468}.Release|Any CPU.ActiveCfg = Release|Any CPU
		{21BBF56E-24E0-4AC2-9C1C-253BC170E468}.Release|Any CPU.Build.0 = Release|Any CPU
	EndGlobalSection
	GlobalSection(SolutionProperties) = preSolution
		HideSolutionNode = FALSE
	EndGlobalSection
	GlobalSection(ExtensibilityGlobals) = postSolution
		SolutionGuid = {F896A018-E98D-4428-9839-B6F1EBEE91DE}
	EndGlobalSection
EndGlobal
