
Microsoft Visual Studio Solution File, Format Version 12.00
# Visual Studio Version 17
VisualStudioVersion = 17.0.31903.59
MinimumVisualStudioVersion = 10.0.40219.1
Project("{FAE04EC0-301F-11D3-BF4B-00C04F79EFBC}") = "MedicalBilling.Domain", "MedicalBilling.Domain\MedicalBilling.Domain.csproj", "{D37621D2-3250-4461-8637-6C1A3E67BACD}"
EndProject
Project("{FAE04EC0-301F-11D3-BF4B-00C04F79EFBC}") = "MedicalBilling.Application", "MedicalBilling.Application\MedicalBilling.Application.csproj", "{DDB2DFAF-F6CD-4ED9-8E3B-08F0361074E5}"
EndProject
Project("{FAE04EC0-301F-11D3-BF4B-00C04F79EFBC}") = "MedicalBilling.Infrastructure", "MedicalBilling.Infrastructure\MedicalBilling.Infrastructure.csproj", "{1BB47006-95D4-4E19-B070-208B6164F5E7}"
EndProject
Project("{FAE04EC0-301F-11D3-BF4B-00C04F79EFBC}") = "MedicalBilling.Presentation", "MedicalBilling.Presentation\MedicalBilling.Presentation.csproj", "{BE0DCABE-DD4E-4D71-898F-DEA3ED0CA81C}"
EndProject
Global
	GlobalSection(SolutionConfigurationPlatforms) = preSolution
		Debug|Any CPU = Debug|Any CPU
		Release|Any CPU = Release|Any CPU
	EndGlobalSection
	GlobalSection(SolutionProperties) = preSolution
		HideSolutionNode = FALSE
	EndGlobalSection
	GlobalSection(ProjectConfigurationPlatforms) = postSolution
		{D37621D2-3250-4461-8637-6C1A3E67BACD}.Debug|Any CPU.ActiveCfg = Debug|Any CPU
		{D37621D2-3250-4461-8637-6C1A3E67BACD}.Debug|Any CPU.Build.0 = Debug|Any CPU
		{D37621D2-3250-4461-8637-6C1A3E67BACD}.Release|Any CPU.ActiveCfg = Release|Any CPU
		{D37621D2-3250-4461-8637-6C1A3E67BACD}.Release|Any CPU.Build.0 = Release|Any CPU
		{DDB2DFAF-F6CD-4ED9-8E3B-08F0361074E5}.Debug|Any CPU.ActiveCfg = Debug|Any CPU
		{DDB2DFAF-F6CD-4ED9-8E3B-08F0361074E5}.Debug|Any CPU.Build.0 = Debug|Any CPU
		{DDB2DFAF-F6CD-4ED9-8E3B-08F0361074E5}.Release|Any CPU.ActiveCfg = Release|Any CPU
		{DDB2DFAF-F6CD-4ED9-8E3B-08F0361074E5}.Release|Any CPU.Build.0 = Release|Any CPU
		{1BB47006-95D4-4E19-B070-208B6164F5E7}.Debug|Any CPU.ActiveCfg = Debug|Any CPU
		{1BB47006-95D4-4E19-B070-208B6164F5E7}.Debug|Any CPU.Build.0 = Debug|Any CPU
		{1BB47006-95D4-4E19-B070-208B6164F5E7}.Release|Any CPU.ActiveCfg = Release|Any CPU
		{1BB47006-95D4-4E19-B070-208B6164F5E7}.Release|Any CPU.Build.0 = Release|Any CPU
		{BE0DCABE-DD4E-4D71-898F-DEA3ED0CA81C}.Debug|Any CPU.ActiveCfg = Debug|Any CPU
		{BE0DCABE-DD4E-4D71-898F-DEA3ED0CA81C}.Debug|Any CPU.Build.0 = Debug|Any CPU
		{BE0DCABE-DD4E-4D71-898F-DEA3ED0CA81C}.Release|Any CPU.ActiveCfg = Release|Any CPU
		{BE0DCABE-DD4E-4D71-898F-DEA3ED0CA81C}.Release|Any CPU.Build.0 = Release|Any CPU
	EndGlobalSection
EndGlobal
